{
  "name": "js",
  "version": "1.0.0",
  "lockfileVersion": 1,
  "requires": true,
  "dependencies": {
    "ff32bit": {
      "version": "1.0.0",
      "resolved": "https://registry.npmjs.org/ff32bit/-/ff32bit-1.0.0.tgz",
      "integrity": "sha512-9icS9Ze6WtgGJ/7jj4BIsOG9a2K+kpzBLvqafvAQIaxbfurPFVi4FoNDZlnc4dpmSRBrEF00Cawi9+K+yk0LoA=="
    }
  }
}
