{
  "name": "ssr-bach",
  "version": "1.0.0",
  "lockfileVersion": 2,
  "requires": true,
  "packages": {
    "": {
      "version": "1.0.0",
      "license": "ISC",
      "dependencies": {
        "parse-sf2": "^2.1.1"
      }
    },
    "node_modules/parse-sf2": {
      "version": "2.1.1",
      "resolved": "https://registry.npmjs.org/parse-sf2/-/parse-sf2-2.1.1.tgz",
      "integrity": "sha512-mlWmPj8xRqu8OVMjBPqYSaQdRR/1sS8ZCAh+bJ6SWSZU3fXb67fTPC8lP7buvXgwYLrwPNOHEHkStaRLTbERoA==",
      "hasInstallScript": true
    }
  },
  "dependencies": {
    "parse-sf2": {
      "version": "2.1.1",
      "resolved": "https://registry.npmjs.org/parse-sf2/-/parse-sf2-2.1.1.tgz",
      "integrity": "sha512-mlWmPj8xRqu8OVMjBPqYSaQdRR/1sS8ZCAh+bJ6SWSZU3fXb67fTPC8lP7buvXgwYLrwPNOHEHkStaRLTbERoA=="
    }
  }
}
