{
	"name": "sf2rend",
	"version": "1.0.0",
	"lockfileVersion": 2,
	"requires": true,
	"packages": {
		"": {
			"version": "1.0.0",
			"license": "ISC",
			"dependencies": {
				"parse-sf2": "^2.1.2"
			}
		},
		"node_modules/parse-sf2": {
			"version": "2.1.2",
			"resolved": "https://registry.npmjs.org/parse-sf2/-/parse-sf2-2.1.2.tgz",
			"integrity": "sha512-Z4w01bLLn3WLx6ywkeYSRpxVzPl7JJQ9GRi4Ji2DFyAx2jTB2pJ8aFsEZb9jONN2XwJwLMPq0ZrMUq9d7OCetA==",
			"hasInstallScript": true
		}
	},
	"dependencies": {
		"parse-sf2": {
			"version": "2.1.2",
			"resolved": "https://registry.npmjs.org/parse-sf2/-/parse-sf2-2.1.2.tgz",
			"integrity": "sha512-Z4w01bLLn3WLx6ywkeYSRpxVzPl7JJQ9GRi4Ji2DFyAx2jTB2pJ8aFsEZb9jONN2XwJwLMPq0ZrMUq9d7OCetA=="
		}
	}
}
