{
  "name": "parse-sf2",
  "version": "1.0.1",
  "lockfileVersion": 1,
  "requires": true,
  "dependencies": {
    "draw-canvas-60fps": {
      "version": "1.0.0",
      "resolved": "https://registry.npmjs.org/draw-canvas-60fps/-/draw-canvas-60fps-1.0.0.tgz",
      "integrity": "sha512-T9OJCRBh+C8TVJdwAAGX5tqmoqqwbIESuLM814J1I+JYnq3pnrWiq8Ma7uatFPqYYHXAXGeKoWiwj8N6o4+x2A=="
    },
    "mkdiv": {
      "version": "1.0.0",
      "resolved": "https://registry.npmjs.org/mkdiv/-/mkdiv-1.0.0.tgz",
      "integrity": "sha512-NuXapWyFJsAWVVtFoWlOGXwFWNGqXhEEoj9dGJQxv9CwtGD4XhMmTCxo6CXLPtLOORod6OIxyr/RsLKo2DEQ+w=="
    }
  }
}
