{
  "name": "emcc",
  "version": "1.0.0",
  "lockfileVersion": 2,
  "requires": true,
  "packages": {
    "": {
      "version": "1.0.0",
      "license": "ISC",
      "dependencies": {
        "soundfont2": "^0.3.0"
      }
    },
    "node_modules/soundfont2": {
      "version": "0.3.0",
      "resolved": "https://registry.npmjs.org/soundfont2/-/soundfont2-0.3.0.tgz",
      "integrity": "sha512-5Jby7JePYOjIHzuBk1mjEkfwPnww9hWKzjQm7fkYkVoiP/5aFvjjY11WMXUHuj7004BIsx+4xtbNfD5MN8m98Q=="
    }
  },
  "dependencies": {
    "soundfont2": {
      "version": "0.3.0",
      "resolved": "https://registry.npmjs.org/soundfont2/-/soundfont2-0.3.0.tgz",
      "integrity": "sha512-5Jby7JePYOjIHzuBk1mjEkfwPnww9hWKzjQm7fkYkVoiP/5aFvjjY11WMXUHuj7004BIsx+4xtbNfD5MN8m98Q=="
    }
  }
}
